
Microsoft Visual Studio Solution File, Format Version 11.00
# Visual Studio 2010
Project("{FAE04EC0-301F-11D3-BF4B-00C04F79EFBC}") = "TransferDepositAccount", "TransferDepositAccount\TransferDepositAccount.csproj", "{329A0053-675C-4EC4-85DF-B89EFC85A5E7}"
EndProject
Project("{FAE04EC0-301F-11D3-BF4B-00C04F79EFBC}") = "MutexResourceAccessNonReentrant", "MutexResourceAccessNonReentrant\MutexResourceAccessNonReentrant.csproj", "{06E2187C-6081-4295-9FC8-FB114BC7DFFE}"
EndProject
Project("{FAE04EC0-301F-11D3-BF4B-00C04F79EFBC}") = "PLinqMapReduce", "PLinqMapReduce\PLinqMapReduce.csproj", "{1137E4CD-04C7-4B74-9170-7E25595D9A4C}"
EndProject
Project("{FAE04EC0-301F-11D3-BF4B-00C04F79EFBC}") = "PLinqSyntax", "PLinqSyntax\PLinqSyntax.csproj", "{538AB64C-FBFD-4B72-A0C6-FC3B2BF47AAD}"
EndProject
Project("{FAE04EC0-301F-11D3-BF4B-00C04F79EFBC}") = "BarrierSynchronization", "BarrierSynchronization\BarrierSynchronization.csproj", "{66226136-8184-4D89-B82B-36C0BA298F1D}"
EndProject
Project("{FAE04EC0-301F-11D3-BF4B-00C04F79EFBC}") = "ReaderWriterLockSlimSync", "ReaderWriterLockSlimSync\ReaderWriterLockSlimSync.csproj", "{976BE820-47F3-47F8-BDAA-AA163E8E021F}"
EndProject
Project("{FAE04EC0-301F-11D3-BF4B-00C04F79EFBC}") = "DataParallism", "DataParallism\DataParallism.csproj", "{9A131FC4-B11A-4BB3-959C-1470CABB25AF}"
EndProject
Global
	GlobalSection(SolutionConfigurationPlatforms) = preSolution
		Debug|Any CPU = Debug|Any CPU
		Release|Any CPU = Release|Any CPU
	EndGlobalSection
	GlobalSection(ProjectConfigurationPlatforms) = postSolution
		{06E2187C-6081-4295-9FC8-FB114BC7DFFE}.Debug|Any CPU.ActiveCfg = Debug|Any CPU
		{06E2187C-6081-4295-9FC8-FB114BC7DFFE}.Debug|Any CPU.Build.0 = Debug|Any CPU
		{06E2187C-6081-4295-9FC8-FB114BC7DFFE}.Release|Any CPU.ActiveCfg = Release|Any CPU
		{06E2187C-6081-4295-9FC8-FB114BC7DFFE}.Release|Any CPU.Build.0 = Release|Any CPU
		{1137E4CD-04C7-4B74-9170-7E25595D9A4C}.Debug|Any CPU.ActiveCfg = Debug|Any CPU
		{1137E4CD-04C7-4B74-9170-7E25595D9A4C}.Debug|Any CPU.Build.0 = Debug|Any CPU
		{1137E4CD-04C7-4B74-9170-7E25595D9A4C}.Release|Any CPU.ActiveCfg = Release|Any CPU
		{1137E4CD-04C7-4B74-9170-7E25595D9A4C}.Release|Any CPU.Build.0 = Release|Any CPU
		{329A0053-675C-4EC4-85DF-B89EFC85A5E7}.Debug|Any CPU.ActiveCfg = Debug|Any CPU
		{329A0053-675C-4EC4-85DF-B89EFC85A5E7}.Debug|Any CPU.Build.0 = Debug|Any CPU
		{329A0053-675C-4EC4-85DF-B89EFC85A5E7}.Release|Any CPU.ActiveCfg = Release|Any CPU
		{329A0053-675C-4EC4-85DF-B89EFC85A5E7}.Release|Any CPU.Build.0 = Release|Any CPU
		{538AB64C-FBFD-4B72-A0C6-FC3B2BF47AAD}.Debug|Any CPU.ActiveCfg = Debug|Any CPU
		{538AB64C-FBFD-4B72-A0C6-FC3B2BF47AAD}.Debug|Any CPU.Build.0 = Debug|Any CPU
		{538AB64C-FBFD-4B72-A0C6-FC3B2BF47AAD}.Release|Any CPU.ActiveCfg = Release|Any CPU
		{538AB64C-FBFD-4B72-A0C6-FC3B2BF47AAD}.Release|Any CPU.Build.0 = Release|Any CPU
		{66226136-8184-4D89-B82B-36C0BA298F1D}.Debug|Any CPU.ActiveCfg = Debug|Any CPU
		{66226136-8184-4D89-B82B-36C0BA298F1D}.Debug|Any CPU.Build.0 = Debug|Any CPU
		{66226136-8184-4D89-B82B-36C0BA298F1D}.Release|Any CPU.ActiveCfg = Release|Any CPU
		{66226136-8184-4D89-B82B-36C0BA298F1D}.Release|Any CPU.Build.0 = Release|Any CPU
		{976BE820-47F3-47F8-BDAA-AA163E8E021F}.Debug|Any CPU.ActiveCfg = Debug|Any CPU
		{976BE820-47F3-47F8-BDAA-AA163E8E021F}.Debug|Any CPU.Build.0 = Debug|Any CPU
		{976BE820-47F3-47F8-BDAA-AA163E8E021F}.Release|Any CPU.ActiveCfg = Release|Any CPU
		{976BE820-47F3-47F8-BDAA-AA163E8E021F}.Release|Any CPU.Build.0 = Release|Any CPU
		{9A131FC4-B11A-4BB3-959C-1470CABB25AF}.Debug|Any CPU.ActiveCfg = Debug|Any CPU
		{9A131FC4-B11A-4BB3-959C-1470CABB25AF}.Debug|Any CPU.Build.0 = Debug|Any CPU
		{9A131FC4-B11A-4BB3-959C-1470CABB25AF}.Release|Any CPU.ActiveCfg = Release|Any CPU
		{9A131FC4-B11A-4BB3-959C-1470CABB25AF}.Release|Any CPU.Build.0 = Release|Any CPU
	EndGlobalSection
EndGlobal
