
Microsoft Visual Studio Solution File, Format Version 12.00
# Visual Studio 2012
Project("{FAE04EC0-301F-11D3-BF4B-00C04F79EFBC}") = "PLinqDemo", "PLinqDemo\PLinqDemo.csproj", "{8D084424-FCE7-48FD-AE91-7D9B6A6A1188}"
EndProject
Global
	GlobalSection(SolutionConfigurationPlatforms) = preSolution
		Debug|x86 = Debug|x86
		Release|x86 = Release|x86
	EndGlobalSection
	GlobalSection(ProjectConfigurationPlatforms) = postSolution
		{8D084424-FCE7-48FD-AE91-7D9B6A6A1188}.Debug|x86.ActiveCfg = Debug|x86
		{8D084424-FCE7-48FD-AE91-7D9B6A6A1188}.Debug|x86.Build.0 = Debug|x86
		{8D084424-FCE7-48FD-AE91-7D9B6A6A1188}.Release|x86.ActiveCfg = Release|x86
		{8D084424-FCE7-48FD-AE91-7D9B6A6A1188}.Release|x86.Build.0 = Release|x86
	EndGlobalSection
EndGlobal
